
Microsoft Visual Studio Solution File, Format Version 12.00
# Visual Studio Version 16
VisualStudioVersion = 16.0.32413.511
MinimumVisualStudioVersion = 10.0.40219.1
Project("{9A19103F-16F7-4668-BE54-9A1E7A4F7556}") = "VegetableShop", "VegetableShop\VegetableShop.csproj", "{78FF5D99-5758-4BAC-B76D-20420850E488}"
EndProject
Global
	GlobalSection(SolutionConfigurationPlatforms) = preSolution
		Debug|Any CPU = Debug|Any CPU
		Release|Any CPU = Release|Any CPU
	EndGlobalSection
	GlobalSection(ProjectConfigurationPlatforms) = postSolution
		{78FF5D99-5758-4BAC-B76D-20420850E488}.Debug|Any CPU.ActiveCfg = Debug|Any CPU
		{78FF5D99-5758-4BAC-B76D-20420850E488}.Debug|Any CPU.Build.0 = Debug|Any CPU
		{78FF5D99-5758-4BAC-B76D-20420850E488}.Release|Any CPU.ActiveCfg = Release|Any CPU
		{78FF5D99-5758-4BAC-B76D-20420850E488}.Release|Any CPU.Build.0 = Release|Any CPU
	EndGlobalSection
	GlobalSection(SolutionProperties) = preSolution
		HideSolutionNode = FALSE
	EndGlobalSection
	GlobalSection(ExtensibilityGlobals) = postSolution
		SolutionGuid = {2F51032B-A2F4-4C9B-A21F-EF0408971A8A}
	EndGlobalSection
EndGlobal
